{
    "name": "Nayu-Bot",
    "version": "1.0.0",
    "lockfileVersion": 2,
    "requires": true,
    "packages": {
        "": {
            "name": "Nayu-Bot",
            "version": "1.0.0",
            "license": "MIT",
            "dependencies": {
                "better-logger": "github:AwesomeStickz/better-logger",
                "dd-cache-proxy": "^2.6.2",
                "dotenv": "^16.5.0",
                "tslib": "^2.8.1",
                "typescript": "^5.8.3"
            },
            "devDependencies": {
                "@types/node": "^22.14.1"
            }
        },
        "node_modules/@discordeno/bot": {
            "version": "21.0.0",
            "resolved": "https://registry.npmjs.org/@discordeno/bot/-/bot-21.0.0.tgz",
            "integrity": "sha512-x6EcVHBvWIhjY5/lcwgZzzCiqdpKFZqu2qUaZqKb7RYS8L8Q8zY40hCnbToVehLB8+BGcnHzxCeEvWWg8tnT/g==",
            "license": "Apache-2.0",
            "peer": true,
            "dependencies": {
                "@discordeno/gateway": "21.0.0",
                "@discordeno/rest": "21.0.0",
                "@discordeno/types": "21.0.0",
                "@discordeno/utils": "21.0.0"
            }
        },
        "node_modules/@discordeno/gateway": {
            "version": "21.0.0",
            "resolved": "https://registry.npmjs.org/@discordeno/gateway/-/gateway-21.0.0.tgz",
            "integrity": "sha512-ur5Hatd1x86PPI4UnXKghAWat3vS90NvLJcpOSu1B1gYSENRZow8dohZ8Ov58SXWq5nZVuBYDJNCR248pWJvrg==",
            "license": "Apache-2.0",
            "peer": true,
            "dependencies": {
                "@discordeno/types": "21.0.0",
                "@discordeno/utils": "21.0.0",
                "ws": "^8.18.0"
            },
            "optionalDependencies": {
                "fzstd": "^0.1.1"
            }
        },
        "node_modules/@discordeno/rest": {
            "version": "21.0.0",
            "resolved": "https://registry.npmjs.org/@discordeno/rest/-/rest-21.0.0.tgz",
            "integrity": "sha512-ew5ddhUd7Qyv/GSzCy42bEmRv0yr2PspCMsLD/NeMiTLd3+OrVN5pAxBN9z+9JpS/daiiD/PVmvuUAVx/nXTEw==",
            "license": "Apache-2.0",
            "peer": true,
            "dependencies": {
                "@discordeno/types": "21.0.0",
                "@discordeno/utils": "21.0.0"
            }
        },
        "node_modules/@discordeno/types": {
            "version": "21.0.0",
            "resolved": "https://registry.npmjs.org/@discordeno/types/-/types-21.0.0.tgz",
            "integrity": "sha512-TUZAEqqlXRNQji+NCaQo8DruzI8rXbBvMaZYsZvN9f03PrdSddzMOy3cjs4eeL6ZMVocmMVRIaVnB713blylCw==",
            "license": "Apache-2.0",
            "peer": true
        },
        "node_modules/@discordeno/utils": {
            "version": "21.0.0",
            "resolved": "https://registry.npmjs.org/@discordeno/utils/-/utils-21.0.0.tgz",
            "integrity": "sha512-I7I3Szlk+LkT/CRmJJiLPsjuBUjbuXUCvOzsgWCltkxDMIGmQeNoQtFK7t89V1Gcc4icsrnHVMho1BcaAITijg==",
            "license": "Apache-2.0",
            "peer": true,
            "dependencies": {
                "@discordeno/types": "21.0.0"
            }
        },
        "node_modules/@types/node": {
            "version": "22.14.1",
            "resolved": "https://registry.npmjs.org/@types/node/-/node-22.14.1.tgz",
            "integrity": "sha512-u0HuPQwe/dHrItgHHpmw3N2fYCR6x4ivMNbPHRkBVP4CvN+kiRrKHWk3i8tXiO/joPwXLMYvF9TTF0eqgHIuOw==",
            "dev": true,
            "license": "MIT",
            "dependencies": {
                "undici-types": "~6.21.0"
            }
        },
        "node_modules/ansi-styles": {
            "version": "4.3.0",
            "resolved": "https://registry.npmjs.org/ansi-styles/-/ansi-styles-4.3.0.tgz",
            "integrity": "sha512-zbB9rCJAT1rbjiVDb2hqKFHNYLxgtk8NURxZ3IZwD3F6NtxbXZQCnnSi1Lkx+IDohdPlFp222wVALIheZJQSEg==",
            "license": "MIT",
            "dependencies": {
                "color-convert": "^2.0.1"
            },
            "engines": {
                "node": ">=8"
            },
            "funding": {
                "url": "https://github.com/chalk/ansi-styles?sponsor=1"
            }
        },
        "node_modules/better-logger": {
            "version": "1.0.0",
            "resolved": "git+ssh://git@github.com/AwesomeStickz/better-logger.git#b6585d15a25470a99b514104a183b5ad2d016a01",
            "hasInstallScript": true,
            "license": "ISC",
            "dependencies": {
                "chalk": "^4.1.2",
                "tslib": "^2.4.1"
            }
        },
        "node_modules/chalk": {
            "version": "4.1.2",
            "resolved": "https://registry.npmjs.org/chalk/-/chalk-4.1.2.tgz",
            "integrity": "sha512-oKnbhFyRIXpUuez8iBMmyEa4nbj4IOQyuhc/wy9kY7/WVPcwIO9VA668Pu8RkO7+0G76SLROeyw9CpQ061i4mA==",
            "license": "MIT",
            "dependencies": {
                "ansi-styles": "^4.1.0",
                "supports-color": "^7.1.0"
            },
            "engines": {
                "node": ">=10"
            },
            "funding": {
                "url": "https://github.com/chalk/chalk?sponsor=1"
            }
        },
        "node_modules/color-convert": {
            "version": "2.0.1",
            "resolved": "https://registry.npmjs.org/color-convert/-/color-convert-2.0.1.tgz",
            "integrity": "sha512-RRECPsj7iu/xb5oKYcsFHSppFNnsj/52OVTRKb4zP5onXwVF3zVmmToNcOfGC+CRDpfK/U584fMg38ZHCaElKQ==",
            "license": "MIT",
            "dependencies": {
                "color-name": "~1.1.4"
            },
            "engines": {
                "node": ">=7.0.0"
            }
        },
        "node_modules/color-name": {
            "version": "1.1.4",
            "resolved": "https://registry.npmjs.org/color-name/-/color-name-1.1.4.tgz",
            "integrity": "sha512-dOy+3AuW3a2wNbZHIuMZpTcgjGuLU/uBL/ubcZF9OXbDo8ff4O8yVp5Bf0efS8uEoYo5q4Fx7dY9OgQGXgAsQA==",
            "license": "MIT"
        },
        "node_modules/dd-cache-proxy": {
            "version": "2.6.2",
            "resolved": "https://registry.npmjs.org/dd-cache-proxy/-/dd-cache-proxy-2.6.2.tgz",
            "integrity": "sha512-/12T0CYvpPvGXdkXHWuAsy1Ng7CFcvoKKkRLeUVg8pYB019p/Huq5cohG3oWKGQ0qEFPN+s1tqmMw3tuRNQuKQ==",
            "license": "ISC",
            "peerDependencies": {
                "@discordeno/bot": "^21.0.0"
            }
        },
        "node_modules/dotenv": {
            "version": "16.5.0",
            "resolved": "https://registry.npmjs.org/dotenv/-/dotenv-16.5.0.tgz",
            "integrity": "sha512-m/C+AwOAr9/W1UOIZUo232ejMNnJAJtYQjUbHoNTBNTJSvqzzDh7vnrei3o3r3m9blf6ZoDkvcw0VmozNRFJxg==",
            "license": "BSD-2-Clause",
            "engines": {
                "node": ">=12"
            },
            "funding": {
                "url": "https://dotenvx.com"
            }
        },
        "node_modules/fzstd": {
            "version": "0.1.1",
            "resolved": "https://registry.npmjs.org/fzstd/-/fzstd-0.1.1.tgz",
            "integrity": "sha512-dkuVSOKKwh3eas5VkJy1AW1vFpet8TA/fGmVA5krThl8YcOVE/8ZIoEA1+U1vEn5ckxxhLirSdY837azmbaNHA==",
            "license": "MIT",
            "optional": true,
            "peer": true
        },
        "node_modules/has-flag": {
            "version": "4.0.0",
            "resolved": "https://registry.npmjs.org/has-flag/-/has-flag-4.0.0.tgz",
            "integrity": "sha512-EykJT/Q1KjTWctppgIAgfSO0tKVuZUjhgMr17kqTumMl6Afv3EISleU7qZUzoXDFTAHTDC4NOoG/ZxU3EvlMPQ==",
            "license": "MIT",
            "engines": {
                "node": ">=8"
            }
        },
        "node_modules/supports-color": {
            "version": "7.2.0",
            "resolved": "https://registry.npmjs.org/supports-color/-/supports-color-7.2.0.tgz",
            "integrity": "sha512-qpCAvRl9stuOHveKsn7HncJRvv501qIacKzQlO/+Lwxc9+0q2wLyv4Dfvt80/DPn2pqOBsJdDiogXGR9+OvwRw==",
            "license": "MIT",
            "dependencies": {
                "has-flag": "^4.0.0"
            },
            "engines": {
                "node": ">=8"
            }
        },
        "node_modules/tslib": {
            "version": "2.8.1",
            "resolved": "https://registry.npmjs.org/tslib/-/tslib-2.8.1.tgz",
            "integrity": "sha512-oJFu94HQb+KVduSUQL7wnpmqnfmLsOA/nAh6b6EH0wCEoK0/mPeXU6c3wKDV83MkOuHPRHtSXKKU99IBazS/2w==",
            "license": "0BSD"
        },
        "node_modules/typescript": {
            "version": "5.8.3",
            "resolved": "https://registry.npmjs.org/typescript/-/typescript-5.8.3.tgz",
            "integrity": "sha512-p1diW6TqL9L07nNxvRMM7hMMw4c5XOo/1ibL4aAIGmSAt9slTE1Xgw5KWuof2uTOvCg9BY7ZRi+GaF+7sfgPeQ==",
            "license": "Apache-2.0",
            "bin": {
                "tsc": "bin/tsc",
                "tsserver": "bin/tsserver"
            },
            "engines": {
                "node": ">=14.17"
            }
        },
        "node_modules/undici-types": {
            "version": "6.21.0",
            "resolved": "https://registry.npmjs.org/undici-types/-/undici-types-6.21.0.tgz",
            "integrity": "sha512-iwDZqg0QAGrg9Rav5H4n0M64c3mkR59cJ6wQp+7C4nI0gsmExaedaYLNO44eT4AtBBwjbTiGPMlt2Md0T9H9JQ==",
            "dev": true,
            "license": "MIT"
        },
        "node_modules/ws": {
            "version": "8.18.1",
            "resolved": "https://registry.npmjs.org/ws/-/ws-8.18.1.tgz",
            "integrity": "sha512-RKW2aJZMXeMxVpnZ6bck+RswznaxmzdULiBr6KY7XkTnW8uvt0iT9H5DkHUChXrc+uurzwa0rVI16n/Xzjdz1w==",
            "license": "MIT",
            "peer": true,
            "engines": {
                "node": ">=10.0.0"
            },
            "peerDependencies": {
                "bufferutil": "^4.0.1",
                "utf-8-validate": ">=5.0.2"
            },
            "peerDependenciesMeta": {
                "bufferutil": {
                    "optional": true
                },
                "utf-8-validate": {
                    "optional": true
                }
            }
        }
    },
    "dependencies": {
        "@discordeno/bot": {
            "version": "21.0.0",
            "resolved": "https://registry.npmjs.org/@discordeno/bot/-/bot-21.0.0.tgz",
            "integrity": "sha512-x6EcVHBvWIhjY5/lcwgZzzCiqdpKFZqu2qUaZqKb7RYS8L8Q8zY40hCnbToVehLB8+BGcnHzxCeEvWWg8tnT/g==",
            "peer": true,
            "requires": {
                "@discordeno/gateway": "21.0.0",
                "@discordeno/rest": "21.0.0",
                "@discordeno/types": "21.0.0",
                "@discordeno/utils": "21.0.0"
            }
        },
        "@discordeno/gateway": {
            "version": "21.0.0",
            "resolved": "https://registry.npmjs.org/@discordeno/gateway/-/gateway-21.0.0.tgz",
            "integrity": "sha512-ur5Hatd1x86PPI4UnXKghAWat3vS90NvLJcpOSu1B1gYSENRZow8dohZ8Ov58SXWq5nZVuBYDJNCR248pWJvrg==",
            "peer": true,
            "requires": {
                "@discordeno/types": "21.0.0",
                "@discordeno/utils": "21.0.0",
                "fzstd": "^0.1.1",
                "ws": "^8.18.0"
            }
        },
        "@discordeno/rest": {
            "version": "21.0.0",
            "resolved": "https://registry.npmjs.org/@discordeno/rest/-/rest-21.0.0.tgz",
            "integrity": "sha512-ew5ddhUd7Qyv/GSzCy42bEmRv0yr2PspCMsLD/NeMiTLd3+OrVN5pAxBN9z+9JpS/daiiD/PVmvuUAVx/nXTEw==",
            "peer": true,
            "requires": {
                "@discordeno/types": "21.0.0",
                "@discordeno/utils": "21.0.0"
            }
        },
        "@discordeno/types": {
            "version": "21.0.0",
            "resolved": "https://registry.npmjs.org/@discordeno/types/-/types-21.0.0.tgz",
            "integrity": "sha512-TUZAEqqlXRNQji+NCaQo8DruzI8rXbBvMaZYsZvN9f03PrdSddzMOy3cjs4eeL6ZMVocmMVRIaVnB713blylCw==",
            "peer": true
        },
        "@discordeno/utils": {
            "version": "21.0.0",
            "resolved": "https://registry.npmjs.org/@discordeno/utils/-/utils-21.0.0.tgz",
            "integrity": "sha512-I7I3Szlk+LkT/CRmJJiLPsjuBUjbuXUCvOzsgWCltkxDMIGmQeNoQtFK7t89V1Gcc4icsrnHVMho1BcaAITijg==",
            "peer": true,
            "requires": {
                "@discordeno/types": "21.0.0"
            }
        },
        "@types/node": {
            "version": "22.14.1",
            "resolved": "https://registry.npmjs.org/@types/node/-/node-22.14.1.tgz",
            "integrity": "sha512-u0HuPQwe/dHrItgHHpmw3N2fYCR6x4ivMNbPHRkBVP4CvN+kiRrKHWk3i8tXiO/joPwXLMYvF9TTF0eqgHIuOw==",
            "dev": true,
            "requires": {
                "undici-types": "~6.21.0"
            }
        },
        "ansi-styles": {
            "version": "4.3.0",
            "resolved": "https://registry.npmjs.org/ansi-styles/-/ansi-styles-4.3.0.tgz",
            "integrity": "sha512-zbB9rCJAT1rbjiVDb2hqKFHNYLxgtk8NURxZ3IZwD3F6NtxbXZQCnnSi1Lkx+IDohdPlFp222wVALIheZJQSEg==",
            "requires": {
                "color-convert": "^2.0.1"
            }
        },
        "better-logger": {
            "version": "git+ssh://git@github.com/AwesomeStickz/better-logger.git#b6585d15a25470a99b514104a183b5ad2d016a01",
            "from": "better-logger@github:AwesomeStickz/better-logger",
            "requires": {
                "chalk": "^4.1.2",
                "tslib": "^2.4.1"
            }
        },
        "chalk": {
            "version": "4.1.2",
            "resolved": "https://registry.npmjs.org/chalk/-/chalk-4.1.2.tgz",
            "integrity": "sha512-oKnbhFyRIXpUuez8iBMmyEa4nbj4IOQyuhc/wy9kY7/WVPcwIO9VA668Pu8RkO7+0G76SLROeyw9CpQ061i4mA==",
            "requires": {
                "ansi-styles": "^4.1.0",
                "supports-color": "^7.1.0"
            }
        },
        "color-convert": {
            "version": "2.0.1",
            "resolved": "https://registry.npmjs.org/color-convert/-/color-convert-2.0.1.tgz",
            "integrity": "sha512-RRECPsj7iu/xb5oKYcsFHSppFNnsj/52OVTRKb4zP5onXwVF3zVmmToNcOfGC+CRDpfK/U584fMg38ZHCaElKQ==",
            "requires": {
                "color-name": "~1.1.4"
            }
        },
        "color-name": {
            "version": "1.1.4",
            "resolved": "https://registry.npmjs.org/color-name/-/color-name-1.1.4.tgz",
            "integrity": "sha512-dOy+3AuW3a2wNbZHIuMZpTcgjGuLU/uBL/ubcZF9OXbDo8ff4O8yVp5Bf0efS8uEoYo5q4Fx7dY9OgQGXgAsQA=="
        },
        "dd-cache-proxy": {
            "version": "2.6.2",
            "resolved": "https://registry.npmjs.org/dd-cache-proxy/-/dd-cache-proxy-2.6.2.tgz",
            "integrity": "sha512-/12T0CYvpPvGXdkXHWuAsy1Ng7CFcvoKKkRLeUVg8pYB019p/Huq5cohG3oWKGQ0qEFPN+s1tqmMw3tuRNQuKQ==",
            "requires": {}
        },
        "dotenv": {
            "version": "16.5.0",
            "resolved": "https://registry.npmjs.org/dotenv/-/dotenv-16.5.0.tgz",
            "integrity": "sha512-m/C+AwOAr9/W1UOIZUo232ejMNnJAJtYQjUbHoNTBNTJSvqzzDh7vnrei3o3r3m9blf6ZoDkvcw0VmozNRFJxg=="
        },
        "fzstd": {
            "version": "0.1.1",
            "resolved": "https://registry.npmjs.org/fzstd/-/fzstd-0.1.1.tgz",
            "integrity": "sha512-dkuVSOKKwh3eas5VkJy1AW1vFpet8TA/fGmVA5krThl8YcOVE/8ZIoEA1+U1vEn5ckxxhLirSdY837azmbaNHA==",
            "optional": true,
            "peer": true
        },
        "has-flag": {
            "version": "4.0.0",
            "resolved": "https://registry.npmjs.org/has-flag/-/has-flag-4.0.0.tgz",
            "integrity": "sha512-EykJT/Q1KjTWctppgIAgfSO0tKVuZUjhgMr17kqTumMl6Afv3EISleU7qZUzoXDFTAHTDC4NOoG/ZxU3EvlMPQ=="
        },
        "supports-color": {
            "version": "7.2.0",
            "resolved": "https://registry.npmjs.org/supports-color/-/supports-color-7.2.0.tgz",
            "integrity": "sha512-qpCAvRl9stuOHveKsn7HncJRvv501qIacKzQlO/+Lwxc9+0q2wLyv4Dfvt80/DPn2pqOBsJdDiogXGR9+OvwRw==",
            "requires": {
                "has-flag": "^4.0.0"
            }
        },
        "tslib": {
            "version": "2.8.1",
            "resolved": "https://registry.npmjs.org/tslib/-/tslib-2.8.1.tgz",
            "integrity": "sha512-oJFu94HQb+KVduSUQL7wnpmqnfmLsOA/nAh6b6EH0wCEoK0/mPeXU6c3wKDV83MkOuHPRHtSXKKU99IBazS/2w=="
        },
        "typescript": {
            "version": "5.8.3",
            "resolved": "https://registry.npmjs.org/typescript/-/typescript-5.8.3.tgz",
            "integrity": "sha512-p1diW6TqL9L07nNxvRMM7hMMw4c5XOo/1ibL4aAIGmSAt9slTE1Xgw5KWuof2uTOvCg9BY7ZRi+GaF+7sfgPeQ=="
        },
        "undici-types": {
            "version": "6.21.0",
            "resolved": "https://registry.npmjs.org/undici-types/-/undici-types-6.21.0.tgz",
            "integrity": "sha512-iwDZqg0QAGrg9Rav5H4n0M64c3mkR59cJ6wQp+7C4nI0gsmExaedaYLNO44eT4AtBBwjbTiGPMlt2Md0T9H9JQ==",
            "dev": true
        },
        "ws": {
            "version": "8.18.1",
            "resolved": "https://registry.npmjs.org/ws/-/ws-8.18.1.tgz",
            "integrity": "sha512-RKW2aJZMXeMxVpnZ6bck+RswznaxmzdULiBr6KY7XkTnW8uvt0iT9H5DkHUChXrc+uurzwa0rVI16n/Xzjdz1w==",
            "peer": true,
            "requires": {}
        }
    }
}
