{
    "name": "Nayu-Bot",
    "version": "1.0.0",
    "lockfileVersion": 2,
    "requires": true,
    "packages": {
        "": {
            "name": "Nayu-Bot",
            "version": "1.0.0",
            "license": "MIT",
            "dependencies": {
                "dotenv": "^8.2.0",
                "eris": "^0.17.1",
                "tslib": "^2.1.0"
            },
            "devDependencies": {
                "@types/node": "^14.14.31"
            }
        },
        "node_modules/@types/node": {
            "version": "14.14.31",
            "resolved": "https://registry.npmjs.org/@types/node/-/node-14.14.31.tgz",
            "integrity": "sha512-vFHy/ezP5qI0rFgJ7aQnjDXwAMrG0KqqIH7tQG5PPv3BWBayOPIQNBjVc/P6hhdZfMx51REc6tfDNXHUio893g==",
            "dev": true
        },
        "node_modules/dotenv": {
            "version": "8.2.0",
            "resolved": "https://registry.npmjs.org/dotenv/-/dotenv-8.2.0.tgz",
            "integrity": "sha512-8sJ78ElpbDJBHNeBzUbUVLsqKdccaa/BXF1uPTw3GrvQTBgrQrtObr2mUrE38vzYd8cEv+m/JBfDLioYcfXoaw==",
            "engines": {
                "node": ">=8"
            }
        },
        "node_modules/eris": {
            "version": "0.17.1",
            "resolved": "https://registry.npmjs.org/eris/-/eris-0.17.1.tgz",
            "integrity": "sha512-PexpHusPxViuzcsSM0GQEAgZRJbziFfeeLifc8+ZrvS88UusPieQlUD7pRm28E7m7rN+p+Rt6bf9jGLwD725Zg==",
            "dependencies": {
                "ws": "^8.2.3"
            },
            "engines": {
                "node": ">=10.4.0"
            },
            "optionalDependencies": {
                "opusscript": "^0.0.8",
                "tweetnacl": "^1.0.3"
            }
        },
        "node_modules/opusscript": {
            "version": "0.0.8",
            "resolved": "https://registry.npmjs.org/opusscript/-/opusscript-0.0.8.tgz",
            "integrity": "sha512-VSTi1aWFuCkRCVq+tx/BQ5q9fMnQ9pVZ3JU4UHKqTkf0ED3fKEPdr+gKAAl3IA2hj9rrP6iyq3hlcJq3HELtNQ==",
            "optional": true
        },
        "node_modules/tslib": {
            "version": "2.4.0",
            "resolved": "https://registry.npmjs.org/tslib/-/tslib-2.4.0.tgz",
            "integrity": "sha512-d6xOpEDfsi2CZVlPQzGeux8XMwLT9hssAsaPYExaQMuYskwb+x1x7J371tWlbBdWHroy99KnVB6qIkUbs5X3UQ=="
        },
        "node_modules/tweetnacl": {
            "version": "1.0.3",
            "resolved": "https://registry.npmjs.org/tweetnacl/-/tweetnacl-1.0.3.tgz",
            "integrity": "sha512-6rt+RN7aOi1nGMyC4Xa5DdYiukl2UWCbcJft7YhxReBGQD7OAM8Pbxw6YMo4r2diNEA8FEmu32YOn9rhaiE5yw==",
            "optional": true
        },
        "node_modules/ws": {
            "version": "8.8.0",
            "resolved": "https://registry.npmjs.org/ws/-/ws-8.8.0.tgz",
            "integrity": "sha512-JDAgSYQ1ksuwqfChJusw1LSJ8BizJ2e/vVu5Lxjq3YvNJNlROv1ui4i+c/kUUrPheBvQl4c5UbERhTwKa6QBJQ==",
            "engines": {
                "node": ">=10.0.0"
            },
            "peerDependencies": {
                "bufferutil": "^4.0.1",
                "utf-8-validate": "^5.0.2"
            },
            "peerDependenciesMeta": {
                "bufferutil": {
                    "optional": true
                },
                "utf-8-validate": {
                    "optional": true
                }
            }
        }
    },
    "dependencies": {
        "@types/node": {
            "version": "14.14.31",
            "resolved": "https://registry.npmjs.org/@types/node/-/node-14.14.31.tgz",
            "integrity": "sha512-vFHy/ezP5qI0rFgJ7aQnjDXwAMrG0KqqIH7tQG5PPv3BWBayOPIQNBjVc/P6hhdZfMx51REc6tfDNXHUio893g==",
            "dev": true
        },
        "dotenv": {
            "version": "8.2.0",
            "resolved": "https://registry.npmjs.org/dotenv/-/dotenv-8.2.0.tgz",
            "integrity": "sha512-8sJ78ElpbDJBHNeBzUbUVLsqKdccaa/BXF1uPTw3GrvQTBgrQrtObr2mUrE38vzYd8cEv+m/JBfDLioYcfXoaw=="
        },
        "eris": {
            "version": "0.17.1",
            "resolved": "https://registry.npmjs.org/eris/-/eris-0.17.1.tgz",
            "integrity": "sha512-PexpHusPxViuzcsSM0GQEAgZRJbziFfeeLifc8+ZrvS88UusPieQlUD7pRm28E7m7rN+p+Rt6bf9jGLwD725Zg==",
            "requires": {
                "opusscript": "^0.0.8",
                "tweetnacl": "^1.0.3",
                "ws": "^8.2.3"
            }
        },
        "opusscript": {
            "version": "0.0.8",
            "resolved": "https://registry.npmjs.org/opusscript/-/opusscript-0.0.8.tgz",
            "integrity": "sha512-VSTi1aWFuCkRCVq+tx/BQ5q9fMnQ9pVZ3JU4UHKqTkf0ED3fKEPdr+gKAAl3IA2hj9rrP6iyq3hlcJq3HELtNQ==",
            "optional": true
        },
        "tslib": {
            "version": "2.4.0",
            "resolved": "https://registry.npmjs.org/tslib/-/tslib-2.4.0.tgz",
            "integrity": "sha512-d6xOpEDfsi2CZVlPQzGeux8XMwLT9hssAsaPYExaQMuYskwb+x1x7J371tWlbBdWHroy99KnVB6qIkUbs5X3UQ=="
        },
        "tweetnacl": {
            "version": "1.0.3",
            "resolved": "https://registry.npmjs.org/tweetnacl/-/tweetnacl-1.0.3.tgz",
            "integrity": "sha512-6rt+RN7aOi1nGMyC4Xa5DdYiukl2UWCbcJft7YhxReBGQD7OAM8Pbxw6YMo4r2diNEA8FEmu32YOn9rhaiE5yw==",
            "optional": true
        },
        "ws": {
            "version": "8.8.0",
            "resolved": "https://registry.npmjs.org/ws/-/ws-8.8.0.tgz",
            "integrity": "sha512-JDAgSYQ1ksuwqfChJusw1LSJ8BizJ2e/vVu5Lxjq3YvNJNlROv1ui4i+c/kUUrPheBvQl4c5UbERhTwKa6QBJQ==",
            "requires": {}
        }
    }
}
